
Microsoft Visual Studio Solution File, Format Version 12.00
# Visual Studio Version 17
VisualStudioVersion = 17.9.34607.119
MinimumVisualStudioVersion = 10.0.40219.1
Project("{FAE04EC0-301F-11D3-BF4B-00C04F79EFBC}") = "RealEstate_Dapper_Api", "RealEstate_Dapper_Api\RealEstate_Dapper_Api.csproj", "{0BE1B984-67E4-4752-85E1-EE4F5E521805}"
EndProject
Project("{FAE04EC0-301F-11D3-BF4B-00C04F79EFBC}") = "RealEstate_Dapper_UI", "RealEstate_Dapper_UI\RealEstate_Dapper_UI.csproj", "{BFD889EE-B8C6-4DE6-917D-7FEAA5DD0767}"
EndProject
Global
	GlobalSection(SolutionConfigurationPlatforms) = preSolution
		Debug|Any CPU = Debug|Any CPU
		Release|Any CPU = Release|Any CPU
	EndGlobalSection
	GlobalSection(ProjectConfigurationPlatforms) = postSolution
		{0BE1B984-67E4-4752-85E1-EE4F5E521805}.Debug|Any CPU.ActiveCfg = Debug|Any CPU
		{0BE1B984-67E4-4752-85E1-EE4F5E521805}.Debug|Any CPU.Build.0 = Debug|Any CPU
		{0BE1B984-67E4-4752-85E1-EE4F5E521805}.Release|Any CPU.ActiveCfg = Release|Any CPU
		{0BE1B984-67E4-4752-85E1-EE4F5E521805}.Release|Any CPU.Build.0 = Release|Any CPU
		{BFD889EE-B8C6-4DE6-917D-7FEAA5DD0767}.Debug|Any CPU.ActiveCfg = Debug|Any CPU
		{BFD889EE-B8C6-4DE6-917D-7FEAA5DD0767}.Debug|Any CPU.Build.0 = Debug|Any CPU
		{BFD889EE-B8C6-4DE6-917D-7FEAA5DD0767}.Release|Any CPU.ActiveCfg = Release|Any CPU
		{BFD889EE-B8C6-4DE6-917D-7FEAA5DD0767}.Release|Any CPU.Build.0 = Release|Any CPU
	EndGlobalSection
	GlobalSection(SolutionProperties) = preSolution
		HideSolutionNode = FALSE
	EndGlobalSection
	GlobalSection(ExtensibilityGlobals) = postSolution
		SolutionGuid = {3B2A82D6-81BC-477C-A223-310CD2E25BBA}
	EndGlobalSection
EndGlobal
